// !$*UTF8*$!
{
	archiveVersion = 1;
	classes = {
	};
	objectVersion = 56;
	objects = {

/* Begin PBXBuildFile section */
		533D270E2C5C5D1600E5DE82 /* ComvertidorACelsius.c in Sources */ = {isa = PBXBuildFile; fileRef = 533D270D2C5C5D1600E5DE82 /* ComvertidorACelsius.c */; };
		533EE04C2C7957C600EFE884 /* ComvertidorAFahrenheit.c in Sources */ = {isa = PBXBuildFile; fileRef = 533EE04B2C7957C600EFE884 /* ComvertidorAFahrenheit.c */; };
		5366848F2C5078D100B965EB /* HolaMundo.c in Sources */ = {isa = PBXBuildFile; fileRef = 5366848E2C5078D100B965EB /* HolaMundo.c */; };
/* End PBXBuildFile section */

/* Begin PBXCopyFilesBuildPhase section */
		533B3D252C50772400438DF6 /* CopyFiles */ = {
			isa = PBXCopyFilesBuildPhase;
			buildActionMask = 2147483647;
			dstPath = /usr/share/man/man1/;
			dstSubfolderSpec = 0;
			files = (
			);
			runOnlyForDeploymentPostprocessing = 1;
		};
		533D27042C5C5CE200E5DE82 /* CopyFiles */ = {
			isa = PBXCopyFilesBuildPhase;
			buildActionMask = 2147483647;
			dstPath = /usr/share/man/man1/;
			dstSubfolderSpec = 0;
			files = (
			);
			runOnlyForDeploymentPostprocessing = 1;
		};
		533EE0412C7956F800EFE884 /* CopyFiles */ = {
			isa = PBXCopyFilesBuildPhase;
			buildActionMask = 2147483647;
			dstPath = /usr/share/man/man1/;
			dstSubfolderSpec = 0;
			files = (
			);
			runOnlyForDeploymentPostprocessing = 1;
		};
/* End PBXCopyFilesBuildPhase section */

/* Begin PBXFileReference section */
		533B3D272C50772400438DF6 /* HolaMundo */ = {isa = PBXFileReference; explicitFileType = "compiled.mach-o.executable"; includeInIndex = 0; path = HolaMundo; sourceTree = BUILT_PRODUCTS_DIR; };
		533D27062C5C5CE200E5DE82 /* ComvertidorACelsius */ = {isa = PBXFileReference; explicitFileType = "compiled.mach-o.executable"; includeInIndex = 0; path = ComvertidorACelsius; sourceTree = BUILT_PRODUCTS_DIR; };
		533D270D2C5C5D1600E5DE82 /* ComvertidorACelsius.c */ = {isa = PBXFileReference; lastKnownFileType = sourcecode.c.c; path = ComvertidorACelsius.c; sourceTree = "<group>"; };
		533EE0432C7956F800EFE884 /* ComvertidorAFahrenheit */ = {isa = PBXFileReference; explicitFileType = "compiled.mach-o.executable"; includeInIndex = 0; path = ComvertidorAFahrenheit; sourceTree = BUILT_PRODUCTS_DIR; };
		533EE04B2C7957C600EFE884 /* ComvertidorAFahrenheit.c */ = {isa = PBXFileReference; lastKnownFileType = sourcecode.c.c; path = ComvertidorAFahrenheit.c; sourceTree = "<group>"; };
		5366848E2C5078D100B965EB /* HolaMundo.c */ = {isa = PBXFileReference; lastKnownFileType = sourcecode.c.c; path = HolaMundo.c; sourceTree = "<group>"; };
/* End PBXFileReference section */

/* Begin PBXFrameworksBuildPhase section */
		533B3D242C50772400438DF6 /* Frameworks */ = {
			isa = PBXFrameworksBuildPhase;
			buildActionMask = 2147483647;
			files = (
			);
			runOnlyForDeploymentPostprocessing = 0;
		};
		533D27032C5C5CE200E5DE82 /* Frameworks */ = {
			isa = PBXFrameworksBuildPhase;
			buildActionMask = 2147483647;
			files = (
			);
			runOnlyForDeploymentPostprocessing = 0;
		};
		533EE0402C7956F800EFE884 /* Frameworks */ = {
			isa = PBXFrameworksBuildPhase;
			buildActionMask = 2147483647;
			files = (
			);
			runOnlyForDeploymentPostprocessing = 0;
		};
/* End PBXFrameworksBuildPhase section */

/* Begin PBXGroup section */
		533B3D1E2C50772400438DF6 = {
			isa = PBXGroup;
			children = (
				536684882C5077F100B965EB /* HolaMundo */,
				533D27072C5C5CE200E5DE82 /* ComvertidorACelsius */,
				533EE0442C7956F800EFE884 /* ComvertidorAFahrenheit */,
				533B3D282C50772400438DF6 /* Products */,
			);
			sourceTree = "<group>";
		};
		533B3D282C50772400438DF6 /* Products */ = {
			isa = PBXGroup;
			children = (
				533B3D272C50772400438DF6 /* HolaMundo */,
				533D27062C5C5CE200E5DE82 /* ComvertidorACelsius */,
				533EE0432C7956F800EFE884 /* ComvertidorAFahrenheit */,
			);
			name = Products;
			sourceTree = "<group>";
		};
		533D27072C5C5CE200E5DE82 /* ComvertidorACelsius */ = {
			isa = PBXGroup;
			children = (
				533D270D2C5C5D1600E5DE82 /* ComvertidorACelsius.c */,
			);
			path = ComvertidorACelsius;
			sourceTree = "<group>";
		};
		533EE0442C7956F800EFE884 /* ComvertidorAFahrenheit */ = {
			isa = PBXGroup;
			children = (
				533EE04B2C7957C600EFE884 /* ComvertidorAFahrenheit.c */,
			);
			path = ComvertidorAFahrenheit;
			sourceTree = "<group>";
		};
		536684882C5077F100B965EB /* HolaMundo */ = {
			isa = PBXGroup;
			children = (
				5366848E2C5078D100B965EB /* HolaMundo.c */,
			);
			path = HolaMundo;
			sourceTree = "<group>";
		};
/* End PBXGroup section */

/* Begin PBXNativeTarget section */
		533B3D262C50772400438DF6 /* HolaMundo */ = {
			isa = PBXNativeTarget;
			buildConfigurationList = 533B3D2E2C50772400438DF6 /* Build configuration list for PBXNativeTarget "HolaMundo" */;
			buildPhases = (
				533B3D232C50772400438DF6 /* Sources */,
				533B3D242C50772400438DF6 /* Frameworks */,
				533B3D252C50772400438DF6 /* CopyFiles */,
			);
			buildRules = (
			);
			dependencies = (
			);
			name = HolaMundo;
			productName = "project-c";
			productReference = 533B3D272C50772400438DF6 /* HolaMundo */;
			productType = "com.apple.product-type.tool";
		};
		533D27052C5C5CE200E5DE82 /* ComvertidorACelsius */ = {
			isa = PBXNativeTarget;
			buildConfigurationList = 533D270C2C5C5CE200E5DE82 /* Build configuration list for PBXNativeTarget "ComvertidorACelsius" */;
			buildPhases = (
				533D27022C5C5CE200E5DE82 /* Sources */,
				533D27032C5C5CE200E5DE82 /* Frameworks */,
				533D27042C5C5CE200E5DE82 /* CopyFiles */,
			);
			buildRules = (
			);
			dependencies = (
			);
			name = ComvertidorACelsius;
			productName = ComvertidorACelsius;
			productReference = 533D27062C5C5CE200E5DE82 /* ComvertidorACelsius */;
			productType = "com.apple.product-type.tool";
		};
		533EE0422C7956F800EFE884 /* ComvertidorAFahrenheit */ = {
			isa = PBXNativeTarget;
			buildConfigurationList = 533EE0492C7956F800EFE884 /* Build configuration list for PBXNativeTarget "ComvertidorAFahrenheit" */;
			buildPhases = (
				533EE03F2C7956F800EFE884 /* Sources */,
				533EE0402C7956F800EFE884 /* Frameworks */,
				533EE0412C7956F800EFE884 /* CopyFiles */,
			);
			buildRules = (
			);
			dependencies = (
			);
			name = ComvertidorAFahrenheit;
			productName = ComvertidorAFahrenheit;
			productReference = 533EE0432C7956F800EFE884 /* ComvertidorAFahrenheit */;
			productType = "com.apple.product-type.tool";
		};
/* End PBXNativeTarget section */

/* Begin PBXProject section */
		533B3D1F2C50772400438DF6 /* Project object */ = {
			isa = PBXProject;
			attributes = {
				BuildIndependentTargetsInParallel = 1;
				LastUpgradeCheck = 1540;
				TargetAttributes = {
					533B3D262C50772400438DF6 = {
						CreatedOnToolsVersion = 15.4;
					};
					533D27052C5C5CE200E5DE82 = {
						CreatedOnToolsVersion = 15.4;
					};
					533EE0422C7956F800EFE884 = {
						CreatedOnToolsVersion = 15.4;
					};
				};
			};
			buildConfigurationList = 533B3D222C50772400438DF6 /* Build configuration list for PBXProject "project-c" */;
			compatibilityVersion = "Xcode 14.0";
			developmentRegion = en;
			hasScannedForEncodings = 0;
			knownRegions = (
				en,
				Base,
			);
			mainGroup = 533B3D1E2C50772400438DF6;
			productRefGroup = 533B3D282C50772400438DF6 /* Products */;
			projectDirPath = "";
			projectRoot = "";
			targets = (
				533B3D262C50772400438DF6 /* HolaMundo */,
				533D27052C5C5CE200E5DE82 /* ComvertidorACelsius */,
				533EE0422C7956F800EFE884 /* ComvertidorAFahrenheit */,
			);
		};
/* End PBXProject section */

/* Begin PBXSourcesBuildPhase section */
		533B3D232C50772400438DF6 /* Sources */ = {
			isa = PBXSourcesBuildPhase;
			buildActionMask = 2147483647;
			files = (
				5366848F2C5078D100B965EB /* HolaMundo.c in Sources */,
			);
			runOnlyForDeploymentPostprocessing = 0;
		};
		533D27022C5C5CE200E5DE82 /* Sources */ = {
			isa = PBXSourcesBuildPhase;
			buildActionMask = 2147483647;
			files = (
				533D270E2C5C5D1600E5DE82 /* ComvertidorACelsius.c in Sources */,
			);
			runOnlyForDeploymentPostprocessing = 0;
		};
		533EE03F2C7956F800EFE884 /* Sources */ = {
			isa = PBXSourcesBuildPhase;
			buildActionMask = 2147483647;
			files = (
				533EE04C2C7957C600EFE884 /* ComvertidorAFahrenheit.c in Sources */,
			);
			runOnlyForDeploymentPostprocessing = 0;
		};
/* End PBXSourcesBuildPhase section */

/* Begin XCBuildConfiguration section */
		533B3D2C2C50772400438DF6 /* Debug */ = {
			isa = XCBuildConfiguration;
			buildSettings = {
				ALWAYS_SEARCH_USER_PATHS = NO;
				ASSETCATALOG_COMPILER_GENERATE_SWIFT_ASSET_SYMBOL_EXTENSIONS = YES;
				CLANG_ANALYZER_NONNULL = YES;
				CLANG_ANALYZER_NUMBER_OBJECT_CONVERSION = YES_AGGRESSIVE;
				CLANG_CXX_LANGUAGE_STANDARD = "gnu++20";
				CLANG_ENABLE_MODULES = YES;
				CLANG_ENABLE_OBJC_ARC = YES;
				CLANG_ENABLE_OBJC_WEAK = YES;
				CLANG_WARN_BLOCK_CAPTURE_AUTORELEASING = YES;
				CLANG_WARN_BOOL_CONVERSION = YES;
				CLANG_WARN_COMMA = YES;
				CLANG_WARN_CONSTANT_CONVERSION = YES;
				CLANG_WARN_DEPRECATED_OBJC_IMPLEMENTATIONS = YES;
				CLANG_WARN_DIRECT_OBJC_ISA_USAGE = YES_ERROR;
				CLANG_WARN_DOCUMENTATION_COMMENTS = YES;
				CLANG_WARN_EMPTY_BODY = YES;
				CLANG_WARN_ENUM_CONVERSION = YES;
				CLANG_WARN_INFINITE_RECURSION = YES;
				CLANG_WARN_INT_CONVERSION = YES;
				CLANG_WARN_NON_LITERAL_NULL_CONVERSION = YES;
				CLANG_WARN_OBJC_IMPLICIT_RETAIN_SELF = YES;
				CLANG_WARN_OBJC_LITERAL_CONVERSION = YES;
				CLANG_WARN_OBJC_ROOT_CLASS = YES_ERROR;
				CLANG_WARN_QUOTED_INCLUDE_IN_FRAMEWORK_HEADER = YES;
				CLANG_WARN_RANGE_LOOP_ANALYSIS = YES;
				CLANG_WARN_STRICT_PROTOTYPES = YES;
				CLANG_WARN_SUSPICIOUS_MOVE = YES;
				CLANG_WARN_UNGUARDED_AVAILABILITY = YES_AGGRESSIVE;
				CLANG_WARN_UNREACHABLE_CODE = YES;
				CLANG_WARN__DUPLICATE_METHOD_MATCH = YES;
				COPY_PHASE_STRIP = NO;
				DEBUG_INFORMATION_FORMAT = dwarf;
				ENABLE_STRICT_OBJC_MSGSEND = YES;
				ENABLE_TESTABILITY = YES;
				ENABLE_USER_SCRIPT_SANDBOXING = YES;
				GCC_C_LANGUAGE_STANDARD = gnu17;
				GCC_DYNAMIC_NO_PIC = NO;
				GCC_NO_COMMON_BLOCKS = YES;
				GCC_OPTIMIZATION_LEVEL = 0;
				GCC_PREPROCESSOR_DEFINITIONS = (
					"DEBUG=1",
					"$(inherited)",
				);
				GCC_WARN_64_TO_32_BIT_CONVERSION = YES;
				GCC_WARN_ABOUT_RETURN_TYPE = YES_ERROR;
				GCC_WARN_UNDECLARED_SELECTOR = YES;
				GCC_WARN_UNINITIALIZED_AUTOS = YES_AGGRESSIVE;
				GCC_WARN_UNUSED_FUNCTION = YES;
				GCC_WARN_UNUSED_VARIABLE = YES;
				LOCALIZATION_PREFERS_STRING_CATALOGS = YES;
				MACOSX_DEPLOYMENT_TARGET = 14.5;
				MTL_ENABLE_DEBUG_INFO = INCLUDE_SOURCE;
				MTL_FAST_MATH = YES;
				ONLY_ACTIVE_ARCH = YES;
				SDKROOT = macosx;
			};
			name = Debug;
		};
		533B3D2D2C50772400438DF6 /* Release */ = {
			isa = XCBuildConfiguration;
			buildSettings = {
				ALWAYS_SEARCH_USER_PATHS = NO;
				ASSETCATALOG_COMPILER_GENERATE_SWIFT_ASSET_SYMBOL_EXTENSIONS = YES;
				CLANG_ANALYZER_NONNULL = YES;
				CLANG_ANALYZER_NUMBER_OBJECT_CONVERSION = YES_AGGRESSIVE;
				CLANG_CXX_LANGUAGE_STANDARD = "gnu++20";
				CLANG_ENABLE_MODULES = YES;
				CLANG_ENABLE_OBJC_ARC = YES;
				CLANG_ENABLE_OBJC_WEAK = YES;
				CLANG_WARN_BLOCK_CAPTURE_AUTORELEASING = YES;
				CLANG_WARN_BOOL_CONVERSION = YES;
				CLANG_WARN_COMMA = YES;
				CLANG_WARN_CONSTANT_CONVERSION = YES;
				CLANG_WARN_DEPRECATED_OBJC_IMPLEMENTATIONS = YES;
				CLANG_WARN_DIRECT_OBJC_ISA_USAGE = YES_ERROR;
				CLANG_WARN_DOCUMENTATION_COMMENTS = YES;
				CLANG_WARN_EMPTY_BODY = YES;
				CLANG_WARN_ENUM_CONVERSION = YES;
				CLANG_WARN_INFINITE_RECURSION = YES;
				CLANG_WARN_INT_CONVERSION = YES;
				CLANG_WARN_NON_LITERAL_NULL_CONVERSION = YES;
				CLANG_WARN_OBJC_IMPLICIT_RETAIN_SELF = YES;
				CLANG_WARN_OBJC_LITERAL_CONVERSION = YES;
				CLANG_WARN_OBJC_ROOT_CLASS = YES_ERROR;
				CLANG_WARN_QUOTED_INCLUDE_IN_FRAMEWORK_HEADER = YES;
				CLANG_WARN_RANGE_LOOP_ANALYSIS = YES;
				CLANG_WARN_STRICT_PROTOTYPES = YES;
				CLANG_WARN_SUSPICIOUS_MOVE = YES;
				CLANG_WARN_UNGUARDED_AVAILABILITY = YES_AGGRESSIVE;
				CLANG_WARN_UNREACHABLE_CODE = YES;
				CLANG_WARN__DUPLICATE_METHOD_MATCH = YES;
				COPY_PHASE_STRIP = NO;
				DEBUG_INFORMATION_FORMAT = "dwarf-with-dsym";
				ENABLE_NS_ASSERTIONS = NO;
				ENABLE_STRICT_OBJC_MSGSEND = YES;
				ENABLE_USER_SCRIPT_SANDBOXING = YES;
				GCC_C_LANGUAGE_STANDARD = gnu17;
				GCC_NO_COMMON_BLOCKS = YES;
				GCC_WARN_64_TO_32_BIT_CONVERSION = YES;
				GCC_WARN_ABOUT_RETURN_TYPE = YES_ERROR;
				GCC_WARN_UNDECLARED_SELECTOR = YES;
				GCC_WARN_UNINITIALIZED_AUTOS = YES_AGGRESSIVE;
				GCC_WARN_UNUSED_FUNCTION = YES;
				GCC_WARN_UNUSED_VARIABLE = YES;
				LOCALIZATION_PREFERS_STRING_CATALOGS = YES;
				MACOSX_DEPLOYMENT_TARGET = 14.5;
				MTL_ENABLE_DEBUG_INFO = NO;
				MTL_FAST_MATH = YES;
				SDKROOT = macosx;
			};
			name = Release;
		};
		533B3D2F2C50772400438DF6 /* Debug */ = {
			isa = XCBuildConfiguration;
			buildSettings = {
				CODE_SIGN_STYLE = Automatic;
				DEVELOPMENT_TEAM = MRQM68UXB3;
				ENABLE_HARDENED_RUNTIME = YES;
				PRODUCT_NAME = "$(TARGET_NAME)";
			};
			name = Debug;
		};
		533B3D302C50772400438DF6 /* Release */ = {
			isa = XCBuildConfiguration;
			buildSettings = {
				CODE_SIGN_STYLE = Automatic;
				DEVELOPMENT_TEAM = MRQM68UXB3;
				ENABLE_HARDENED_RUNTIME = YES;
				PRODUCT_NAME = "$(TARGET_NAME)";
			};
			name = Release;
		};
		533D270A2C5C5CE200E5DE82 /* Debug */ = {
			isa = XCBuildConfiguration;
			buildSettings = {
				CODE_SIGN_STYLE = Automatic;
				DEVELOPMENT_TEAM = MRQM68UXB3;
				ENABLE_HARDENED_RUNTIME = YES;
				PRODUCT_NAME = "$(TARGET_NAME)";
			};
			name = Debug;
		};
		533D270B2C5C5CE200E5DE82 /* Release */ = {
			isa = XCBuildConfiguration;
			buildSettings = {
				CODE_SIGN_STYLE = Automatic;
				DEVELOPMENT_TEAM = MRQM68UXB3;
				ENABLE_HARDENED_RUNTIME = YES;
				PRODUCT_NAME = "$(TARGET_NAME)";
			};
			name = Release;
		};
		533EE0472C7956F800EFE884 /* Debug */ = {
			isa = XCBuildConfiguration;
			buildSettings = {
				CODE_SIGN_STYLE = Automatic;
				DEVELOPMENT_TEAM = MRQM68UXB3;
				ENABLE_HARDENED_RUNTIME = YES;
				PRODUCT_NAME = "$(TARGET_NAME)";
			};
			name = Debug;
		};
		533EE0482C7956F800EFE884 /* Release */ = {
			isa = XCBuildConfiguration;
			buildSettings = {
				CODE_SIGN_STYLE = Automatic;
				DEVELOPMENT_TEAM = MRQM68UXB3;
				ENABLE_HARDENED_RUNTIME = YES;
				PRODUCT_NAME = "$(TARGET_NAME)";
			};
			name = Release;
		};
/* End XCBuildConfiguration section */

/* Begin XCConfigurationList section */
		533B3D222C50772400438DF6 /* Build configuration list for PBXProject "project-c" */ = {
			isa = XCConfigurationList;
			buildConfigurations = (
				533B3D2C2C50772400438DF6 /* Debug */,
				533B3D2D2C50772400438DF6 /* Release */,
			);
			defaultConfigurationIsVisible = 0;
			defaultConfigurationName = Release;
		};
		533B3D2E2C50772400438DF6 /* Build configuration list for PBXNativeTarget "HolaMundo" */ = {
			isa = XCConfigurationList;
			buildConfigurations = (
				533B3D2F2C50772400438DF6 /* Debug */,
				533B3D302C50772400438DF6 /* Release */,
			);
			defaultConfigurationIsVisible = 0;
			defaultConfigurationName = Release;
		};
		533D270C2C5C5CE200E5DE82 /* Build configuration list for PBXNativeTarget "ComvertidorACelsius" */ = {
			isa = XCConfigurationList;
			buildConfigurations = (
				533D270A2C5C5CE200E5DE82 /* Debug */,
				533D270B2C5C5CE200E5DE82 /* Release */,
			);
			defaultConfigurationIsVisible = 0;
			defaultConfigurationName = Release;
		};
		533EE0492C7956F800EFE884 /* Build configuration list for PBXNativeTarget "ComvertidorAFahrenheit" */ = {
			isa = XCConfigurationList;
			buildConfigurations = (
				533EE0472C7956F800EFE884 /* Debug */,
				533EE0482C7956F800EFE884 /* Release */,
			);
			defaultConfigurationIsVisible = 0;
			defaultConfigurationName = Release;
		};
/* End XCConfigurationList section */
	};
	rootObject = 533B3D1F2C50772400438DF6 /* Project object */;
}
